{
  "name": "get-mongoose-models",
  "version": "0.0.103",
  "lockfileVersion": 1,
  "requires": true,
  "dependencies": {
    "@types/bson": {
      "version": "https://registry.npmjs.org/@types/bson/-/bson-1.0.3.tgz",
      "integrity": "sha1-bCbwh2v52Muwbt1AGeKTVL86A+A=",
      "dev": true,
      "requires": {
        "@types/node": "https://registry.npmjs.org/@types/node/-/node-8.0.4.tgz"
      }
    },
    "@types/mongodb": {
      "version": "https://registry.npmjs.org/@types/mongodb/-/mongodb-2.2.6.tgz",
      "integrity": "sha1-zXy0xDkhmvHfulhg0wLurysKE+Q=",
      "dev": true,
      "requires": {
        "@types/bson": "https://registry.npmjs.org/@types/bson/-/bson-1.0.3.tgz",
        "@types/node": "https://registry.npmjs.org/@types/node/-/node-8.0.4.tgz"
      }
    },
    "@types/mongoose": {
      "version": "https://registry.npmjs.org/@types/mongoose/-/mongoose-4.7.18.tgz",
      "integrity": "sha1-7XGd/ZJGrhw5sXSdm4L+qTsjvQA=",
      "dev": true,
      "requires": {
        "@types/mongodb": "https://registry.npmjs.org/@types/mongodb/-/mongodb-2.2.6.tgz",
        "@types/node": "https://registry.npmjs.org/@types/node/-/node-8.0.4.tgz"
      }
    },
    "@types/node": {
      "version": "https://registry.npmjs.org/@types/node/-/node-8.0.4.tgz",
      "integrity": "sha1-0MoD+ko9erZsH054oP0G4w5Gp6k=",
      "dev": true
    }
  }
}
